// !$*UTF8*$!
{
	archiveVersion = 1;
	classes = {
	};
	objectVersion = 46;
	objects = {

/* Begin PBXBuildFile section */
		D53730481EF4B84A00698B9E /* CoreLocation.framework in Frameworks */ = {isa = PBXBuildFile; fileRef = D53730471EF4B84A00698B9E /* CoreLocation.framework */; };
		D53FA3011EEF92AF0068AA89 /* AppDelegate.swift in Sources */ = {isa = PBXBuildFile; fileRef = D53FA3001EEF92AF0068AA89 /* AppDelegate.swift */; };
		D53FA3031EEF92AF0068AA89 /* ViewController.swift in Sources */ = {isa = PBXBuildFile; fileRef = D53FA3021EEF92AF0068AA89 /* ViewController.swift */; };
		D53FA3061EEF92AF0068AA89 /* Main.storyboard in Resources */ = {isa = PBXBuildFile; fileRef = D53FA3041EEF92AF0068AA89 /* Main.storyboard */; };
		D53FA3081EEF92AF0068AA89 /* Assets.xcassets in Resources */ = {isa = PBXBuildFile; fileRef = D53FA3071EEF92AF0068AA89 /* Assets.xcassets */; };
		D53FA30B1EEF92AF0068AA89 /* LaunchScreen.storyboard in Resources */ = {isa = PBXBuildFile; fileRef = D53FA3091EEF92AF0068AA89 /* LaunchScreen.storyboard */; };
/* End PBXBuildFile section */

/* Begin PBXFileReference section */
		D53730471EF4B84A00698B9E /* CoreLocation.framework */ = {isa = PBXFileReference; lastKnownFileType = wrapper.framework; name = CoreLocation.framework; path = System/Library/Frameworks/CoreLocation.framework; sourceTree = SDKROOT; };
		D53FA2FD1EEF92AF0068AA89 /* Mappie.app */ = {isa = PBXFileReference; explicitFileType = wrapper.application; includeInIndex = 0; path = Mappie.app; sourceTree = BUILT_PRODUCTS_DIR; };
		D53FA3001EEF92AF0068AA89 /* AppDelegate.swift */ = {isa = PBXFileReference; lastKnownFileType = sourcecode.swift; path = AppDelegate.swift; sourceTree = "<group>"; };
		D53FA3021EEF92AF0068AA89 /* ViewController.swift */ = {isa = PBXFileReference; lastKnownFileType = sourcecode.swift; path = ViewController.swift; sourceTree = "<group>"; };
		D53FA3051EEF92AF0068AA89 /* Base */ = {isa = PBXFileReference; lastKnownFileType = file.storyboard; name = Base; path = Base.lproj/Main.storyboard; sourceTree = "<group>"; };
		D53FA3071EEF92AF0068AA89 /* Assets.xcassets */ = {isa = PBXFileReference; lastKnownFileType = folder.assetcatalog; path = Assets.xcassets; sourceTree = "<group>"; };
		D53FA30A1EEF92AF0068AA89 /* Base */ = {isa = PBXFileReference; lastKnownFileType = file.storyboard; name = Base; path = Base.lproj/LaunchScreen.storyboard; sourceTree = "<group>"; };
		D53FA30C1EEF92AF0068AA89 /* Info.plist */ = {isa = PBXFileReference; lastKnownFileType = text.plist.xml; path = Info.plist; sourceTree = "<group>"; };
/* End PBXFileReference section */

/* Begin PBXFrameworksBuildPhase section */
		D53FA2FA1EEF92AF0068AA89 /* Frameworks */ = {
			isa = PBXFrameworksBuildPhase;
			buildActionMask = 2147483647;
			files = (
				D53730481EF4B84A00698B9E /* CoreLocation.framework in Frameworks */,
			);
			runOnlyForDeploymentPostprocessing = 0;
		};
/* End PBXFrameworksBuildPhase section */

/* Begin PBXGroup section */
		D53730461EF4B84900698B9E /* Frameworks */ = {
			isa = PBXGroup;
			children = (
				D53730471EF4B84A00698B9E /* CoreLocation.framework */,
			);
			name = Frameworks;
			sourceTree = "<group>";
		};
		D53FA2F41EEF92AF0068AA89 = {
			isa = PBXGroup;
			children = (
				D53FA2FF1EEF92AF0068AA89 /* Mappie */,
				D53FA2FE1EEF92AF0068AA89 /* Products */,
				D53730461EF4B84900698B9E /* Frameworks */,
			);
			sourceTree = "<group>";
		};
		D53FA2FE1EEF92AF0068AA89 /* Products */ = {
			isa = PBXGroup;
			children = (
				D53FA2FD1EEF92AF0068AA89 /* Mappie.app */,
			);
			name = Products;
			sourceTree = "<group>";
		};
		D53FA2FF1EEF92AF0068AA89 /* Mappie */ = {
			isa = PBXGroup;
			children = (
				D53FA3001EEF92AF0068AA89 /* AppDelegate.swift */,
				D53FA3021EEF92AF0068AA89 /* ViewController.swift */,
				D53FA3041EEF92AF0068AA89 /* Main.storyboard */,
				D53FA3071EEF92AF0068AA89 /* Assets.xcassets */,
				D53FA3091EEF92AF0068AA89 /* LaunchScreen.storyboard */,
				D53FA30C1EEF92AF0068AA89 /* Info.plist */,
			);
			path = Mappie;
			sourceTree = "<group>";
		};
/* End PBXGroup section */

/* Begin PBXNativeTarget section */
		D53FA2FC1EEF92AF0068AA89 /* Mappie */ = {
			isa = PBXNativeTarget;
			buildConfigurationList = D53FA30F1EEF92AF0068AA89 /* Build configuration list for PBXNativeTarget "Mappie" */;
			buildPhases = (
				D53FA2F91EEF92AF0068AA89 /* Sources */,
				D53FA2FA1EEF92AF0068AA89 /* Frameworks */,
				D53FA2FB1EEF92AF0068AA89 /* Resources */,
			);
			buildRules = (
			);
			dependencies = (
			);
			name = Mappie;
			productName = Mappie;
			productReference = D53FA2FD1EEF92AF0068AA89 /* Mappie.app */;
			productType = "com.apple.product-type.application";
		};
/* End PBXNativeTarget section */

/* Begin PBXProject section */
		D53FA2F51EEF92AF0068AA89 /* Project object */ = {
			isa = PBXProject;
			attributes = {
				LastSwiftUpdateCheck = 0830;
				LastUpgradeCheck = 0830;
				ORGANIZATIONNAME = Italyte;
				TargetAttributes = {
					D53FA2FC1EEF92AF0068AA89 = {
						CreatedOnToolsVersion = 8.3.2;
						DevelopmentTeam = 3983Y6QL49;
						ProvisioningStyle = Automatic;
					};
				};
			};
			buildConfigurationList = D53FA2F81EEF92AF0068AA89 /* Build configuration list for PBXProject "Mappie" */;
			compatibilityVersion = "Xcode 3.2";
			developmentRegion = English;
			hasScannedForEncodings = 0;
			knownRegions = (
				en,
				Base,
			);
			mainGroup = D53FA2F41EEF92AF0068AA89;
			productRefGroup = D53FA2FE1EEF92AF0068AA89 /* Products */;
			projectDirPath = "";
			projectRoot = "";
			targets = (
				D53FA2FC1EEF92AF0068AA89 /* Mappie */,
			);
		};
/* End PBXProject section */

/* Begin PBXResourcesBuildPhase section */
		D53FA2FB1EEF92AF0068AA89 /* Resources */ = {
			isa = PBXResourcesBuildPhase;
			buildActionMask = 2147483647;
			files = (
				D53FA30B1EEF92AF0068AA89 /* LaunchScreen.storyboard in Resources */,
				D53FA3081EEF92AF0068AA89 /* Assets.xcassets in Resources */,
				D53FA3061EEF92AF0068AA89 /* Main.storyboard in Resources */,
			);
			runOnlyForDeploymentPostprocessing = 0;
		};
/* End PBXResourcesBuildPhase section */

/* Begin PBXSourcesBuildPhase section */
		D53FA2F91EEF92AF0068AA89 /* Sources */ = {
			isa = PBXSourcesBuildPhase;
			buildActionMask = 2147483647;
			files = (
				D53FA3031EEF92AF0068AA89 /* ViewController.swift in Sources */,
				D53FA3011EEF92AF0068AA89 /* AppDelegate.swift in Sources */,
			);
			runOnlyForDeploymentPostprocessing = 0;
		};
/* End PBXSourcesBuildPhase section */

/* Begin PBXVariantGroup section */
		D53FA3041EEF92AF0068AA89 /* Main.storyboard */ = {
			isa = PBXVariantGroup;
			children = (
				D53FA3051EEF92AF0068AA89 /* Base */,
			);
			name = Main.storyboard;
			sourceTree = "<group>";
		};
		D53FA3091EEF92AF0068AA89 /* LaunchScreen.storyboard */ = {
			isa = PBXVariantGroup;
			children = (
				D53FA30A1EEF92AF0068AA89 /* Base */,
			);
			name = LaunchScreen.storyboard;
			sourceTree = "<group>";
		};
/* End PBXVariantGroup section */

/* Begin XCBuildConfiguration section */
		D53FA30D1EEF92AF0068AA89 /* Debug */ = {
			isa = XCBuildConfiguration;
			buildSettings = {
				ALWAYS_SEARCH_USER_PATHS = NO;
				CLANG_ANALYZER_NONNULL = YES;
				CLANG_ANALYZER_NUMBER_OBJECT_CONVERSION = YES_AGGRESSIVE;
				CLANG_CXX_LANGUAGE_STANDARD = "gnu++0x";
				CLANG_CXX_LIBRARY = "libc++";
				CLANG_ENABLE_MODULES = YES;
				CLANG_ENABLE_OBJC_ARC = YES;
				CLANG_WARN_BOOL_CONVERSION = YES;
				CLANG_WARN_CONSTANT_CONVERSION = YES;
				CLANG_WARN_DIRECT_OBJC_ISA_USAGE = YES_ERROR;
				CLANG_WARN_DOCUMENTATION_COMMENTS = YES;
				CLANG_WARN_EMPTY_BODY = YES;
				CLANG_WARN_ENUM_CONVERSION = YES;
				CLANG_WARN_INFINITE_RECURSION = YES;
				CLANG_WARN_INT_CONVERSION = YES;
				CLANG_WARN_OBJC_ROOT_CLASS = YES_ERROR;
				CLANG_WARN_SUSPICIOUS_MOVE = YES;
				CLANG_WARN_UNREACHABLE_CODE = YES;
				CLANG_WARN__DUPLICATE_METHOD_MATCH = YES;
				"CODE_SIGN_IDENTITY[sdk=iphoneos*]" = "iPhone Developer";
				COPY_PHASE_STRIP = NO;
				DEBUG_INFORMATION_FORMAT = dwarf;
				ENABLE_STRICT_OBJC_MSGSEND = YES;
				ENABLE_TESTABILITY = YES;
				GCC_C_LANGUAGE_STANDARD = gnu99;
				GCC_DYNAMIC_NO_PIC = NO;
				GCC_NO_COMMON_BLOCKS = YES;
				GCC_OPTIMIZATION_LEVEL = 0;
				GCC_PREPROCESSOR_DEFINITIONS = (
					"DEBUG=1",
					"$(inherited)",
				);
				GCC_WARN_64_TO_32_BIT_CONVERSION = YES;
				GCC_WARN_ABOUT_RETURN_TYPE = YES_ERROR;
				GCC_WARN_UNDECLARED_SELECTOR = YES;
				GCC_WARN_UNINITIALIZED_AUTOS = YES_AGGRESSIVE;
				GCC_WARN_UNUSED_FUNCTION = YES;
				GCC_WARN_UNUSED_VARIABLE = YES;
				IPHONEOS_DEPLOYMENT_TARGET = 10.3;
				MTL_ENABLE_DEBUG_INFO = YES;
				ONLY_ACTIVE_ARCH = YES;
				SDKROOT = iphoneos;
				SWIFT_ACTIVE_COMPILATION_CONDITIONS = DEBUG;
				SWIFT_OPTIMIZATION_LEVEL = "-Onone";
				TARGETED_DEVICE_FAMILY = "1,2";
			};
			name = Debug;
		};
		D53FA30E1EEF92AF0068AA89 /* Release */ = {
			isa = XCBuildConfiguration;
			buildSettings = {
				ALWAYS_SEARCH_USER_PATHS = NO;
				CLANG_ANALYZER_NONNULL = YES;
				CLANG_ANALYZER_NUMBER_OBJECT_CONVERSION = YES_AGGRESSIVE;
				CLANG_CXX_LANGUAGE_STANDARD = "gnu++0x";
				CLANG_CXX_LIBRARY = "libc++";
				CLANG_ENABLE_MODULES = YES;
				CLANG_ENABLE_OBJC_ARC = YES;
				CLANG_WARN_BOOL_CONVERSION = YES;
				CLANG_WARN_CONSTANT_CONVERSION = YES;
				CLANG_WARN_DIRECT_OBJC_ISA_USAGE = YES_ERROR;
				CLANG_WARN_DOCUMENTATION_COMMENTS = YES;
				CLANG_WARN_EMPTY_BODY = YES;
				CLANG_WARN_ENUM_CONVERSION = YES;
				CLANG_WARN_INFINITE_RECURSION = YES;
				CLANG_WARN_INT_CONVERSION = YES;
				CLANG_WARN_OBJC_ROOT_CLASS = YES_ERROR;
				CLANG_WARN_SUSPICIOUS_MOVE = YES;
				CLANG_WARN_UNREACHABLE_CODE = YES;
				CLANG_WARN__DUPLICATE_METHOD_MATCH = YES;
				"CODE_SIGN_IDENTITY[sdk=iphoneos*]" = "iPhone Developer";
				COPY_PHASE_STRIP = NO;
				DEBUG_INFORMATION_FORMAT = "dwarf-with-dsym";
				ENABLE_NS_ASSERTIONS = NO;
				ENABLE_STRICT_OBJC_MSGSEND = YES;
				GCC_C_LANGUAGE_STANDARD = gnu99;
				GCC_NO_COMMON_BLOCKS = YES;
				GCC_WARN_64_TO_32_BIT_CONVERSION = YES;
				GCC_WARN_ABOUT_RETURN_TYPE = YES_ERROR;
				GCC_WARN_UNDECLARED_SELECTOR = YES;
				GCC_WARN_UNINITIALIZED_AUTOS = YES_AGGRESSIVE;
				GCC_WARN_UNUSED_FUNCTION = YES;
				GCC_WARN_UNUSED_VARIABLE = YES;
				IPHONEOS_DEPLOYMENT_TARGET = 10.3;
				MTL_ENABLE_DEBUG_INFO = NO;
				SDKROOT = iphoneos;
				SWIFT_OPTIMIZATION_LEVEL = "-Owholemodule";
				TARGETED_DEVICE_FAMILY = "1,2";
				VALIDATE_PRODUCT = YES;
			};
			name = Release;
		};
		D53FA3101EEF92AF0068AA89 /* Debug */ = {
			isa = XCBuildConfiguration;
			buildSettings = {
				ASSETCATALOG_COMPILER_APPICON_NAME = AppIcon;
				DEVELOPMENT_TEAM = 3983Y6QL49;
				INFOPLIST_FILE = Mappie/Info.plist;
				LD_RUNPATH_SEARCH_PATHS = "$(inherited) @executable_path/Frameworks";
				PRODUCT_BUNDLE_IDENTIFIER = com.italyte.Mappie;
				PRODUCT_NAME = "$(TARGET_NAME)";
				SWIFT_VERSION = 3.0;
			};
			name = Debug;
		};
		D53FA3111EEF92AF0068AA89 /* Release */ = {
			isa = XCBuildConfiguration;
			buildSettings = {
				ASSETCATALOG_COMPILER_APPICON_NAME = AppIcon;
				DEVELOPMENT_TEAM = 3983Y6QL49;
				INFOPLIST_FILE = Mappie/Info.plist;
				LD_RUNPATH_SEARCH_PATHS = "$(inherited) @executable_path/Frameworks";
				PRODUCT_BUNDLE_IDENTIFIER = com.italyte.Mappie;
				PRODUCT_NAME = "$(TARGET_NAME)";
				SWIFT_VERSION = 3.0;
			};
			name = Release;
		};
/* End XCBuildConfiguration section */

/* Begin XCConfigurationList section */
		D53FA2F81EEF92AF0068AA89 /* Build configuration list for PBXProject "Mappie" */ = {
			isa = XCConfigurationList;
			buildConfigurations = (
				D53FA30D1EEF92AF0068AA89 /* Debug */,
				D53FA30E1EEF92AF0068AA89 /* Release */,
			);
			defaultConfigurationIsVisible = 0;
			defaultConfigurationName = Release;
		};
		D53FA30F1EEF92AF0068AA89 /* Build configuration list for PBXNativeTarget "Mappie" */ = {
			isa = XCConfigurationList;
			buildConfigurations = (
				D53FA3101EEF92AF0068AA89 /* Debug */,
				D53FA3111EEF92AF0068AA89 /* Release */,
			);
			defaultConfigurationIsVisible = 0;
			defaultConfigurationName = Release;
		};
/* End XCConfigurationList section */
	};
	rootObject = D53FA2F51EEF92AF0068AA89 /* Project object */;
}
